
Microsoft Visual Studio Solution File, Format Version 12.00
# Visual Studio Version 16
VisualStudioVersion = 16.0.32126.315
MinimumVisualStudioVersion = 10.0.40219.1
Project("{8BC9CEB8-8B4A-11D0-8D11-00A0C91BC942}") = "Project1", "Project1\Project1.vcxproj", "{15EE8135-BE03-464B-B4D0-DDC7F5DA3FA6}"
EndProject
Global
	GlobalSection(SolutionConfigurationPlatforms) = preSolution
		Debug|x64 = Debug|x64
		Debug|x86 = Debug|x86
		Release|x64 = Release|x64
		Release|x86 = Release|x86
	EndGlobalSection
	GlobalSection(ProjectConfigurationPlatforms) = postSolution
		{15EE8135-BE03-464B-B4D0-DDC7F5DA3FA6}.Debug|x64.ActiveCfg = Debug|x64
		{15EE8135-BE03-464B-B4D0-DDC7F5DA3FA6}.Debug|x64.Build.0 = Debug|x64
		{15EE8135-BE03-464B-B4D0-DDC7F5DA3FA6}.Debug|x86.ActiveCfg = Debug|Win32
		{15EE8135-BE03-464B-B4D0-DDC7F5DA3FA6}.Debug|x86.Build.0 = Debug|Win32
		{15EE8135-BE03-464B-B4D0-DDC7F5DA3FA6}.Release|x64.ActiveCfg = Release|x64
		{15EE8135-BE03-464B-B4D0-DDC7F5DA3FA6}.Release|x64.Build.0 = Release|x64
		{15EE8135-BE03-464B-B4D0-DDC7F5DA3FA6}.Release|x86.ActiveCfg = Release|Win32
		{15EE8135-BE03-464B-B4D0-DDC7F5DA3FA6}.Release|x86.Build.0 = Release|Win32
	EndGlobalSection
	GlobalSection(SolutionProperties) = preSolution
		HideSolutionNode = FALSE
	EndGlobalSection
	GlobalSection(ExtensibilityGlobals) = postSolution
		SolutionGuid = {6F396B4C-9FE4-458A-97C8-09D6D2BC49C9}
	EndGlobalSection
EndGlobal
